# THIS IS AN AUTOGENERATED FILE. DO NOT EDIT THIS FILE DIRECTLY.
# yarn lockfile v1


argparse@^1.0.7:
  version "1.0.10"
  resolved "https://registry.yarnpkg.com/argparse/-/argparse-1.0.10.tgz#bcd6791ea5ae09725e17e5ad988134cd40b3d911"
  integrity sha512-o5Roy6tNG4SL/FOkCAN6RzjiakZS25RLYFrcMttJqbdd8BWrnA+fGz57iN5Pb06pvBGvl5gQ0B48dJlslXvoTg==
  dependencies:
    sprintf-js "~1.0.2"

commander@2.9.0:
  version "2.9.0"
  resolved "https://registry.yarnpkg.com/commander/-/commander-2.9.0.tgz#9c99094176e12240cb22d6c5146098400fe0f7d4"
  integrity sha1-nJkJQXbhIkDLItbFFGCYQA/g99Q=
  dependencies:
    graceful-readlink ">= 1.0.0"

entities@~1.1.1:
  version "1.1.1"
  resolved "https://registry.yarnpkg.com/entities/-/entities-1.1.1.tgz#6e5c2d0a5621b5dadaecef80b90edfb5cd7772f0"
  integrity sha1-blwtClYhtdra7O+AuQ7ftc13cvA=

github-markdown-css@2.6.0:
  version "2.6.0"
  resolved "https://registry.yarnpkg.com/github-markdown-css/-/github-markdown-css-2.6.0.tgz#cdc74bab566b039d7fbb74601f7821b109cf5918"
  integrity sha1-zcdLq1ZrA51/u3RgH3ghsQnPWRg=

"graceful-readlink@>= 1.0.0":
  version "1.0.1"
  resolved "https://registry.yarnpkg.com/graceful-readlink/-/graceful-readlink-1.0.1.tgz#4cafad76bc62f02fa039b2f94e9a3dd3a391a725"
  integrity sha1-TK+tdrxi8C+gObL5Tpo906ORpyU=

highlight.js@9.12.0:
  version "9.12.0"
  resolved "https://registry.yarnpkg.com/highlight.js/-/highlight.js-9.12.0.tgz#e6d9dbe57cbefe60751f02af336195870c90c01e"
  integrity sha1-5tnb5Xy+/mB1HwKvM2GVhwyQwB4=

linkify-it@^2.0.0:
  version "2.0.3"
  resolved "https://registry.yarnpkg.com/linkify-it/-/linkify-it-2.0.3.tgz#d94a4648f9b1c179d64fa97291268bdb6ce9434f"
  integrity sha1-2UpGSPmxwXnWT6lykSaL22zpQ08=
  dependencies:
    uc.micro "^1.0.1"

lodash.assign@~4.2.0:
  version "4.2.0"
  resolved "https://registry.yarnpkg.com/lodash.assign/-/lodash.assign-4.2.0.tgz#0d99f3ccd7a6d261d19bdaeb9245005d285808e7"
  integrity sha1-DZnzzNem0mHRm9rrkkUAXShYCOc=

markdown-it-anchor@4.0.0:
  version "4.0.0"
  resolved "https://registry.yarnpkg.com/markdown-it-anchor/-/markdown-it-anchor-4.0.0.tgz#e87fb5543e01965adf71506c6bf7b0491841b7e3"
  integrity sha1-6H+1VD4BllrfcVBsa/ewSRhBt+M=
  dependencies:
    string "^3.3.3"

markdown-it-html5-embed@0.3.2:
  version "0.3.2"
  resolved "https://registry.yarnpkg.com/markdown-it-html5-embed/-/markdown-it-html5-embed-0.3.2.tgz#d3eb4ebbb4327addeb17843cd71a5c9300e36e69"
  integrity sha1-0+tOu7Qyet3rF4Q81xpckwDjbmk=
  dependencies:
    mimoza "~1.0.0"

markdown-it-table-of-contents@0.3.2:
  version "0.3.2"
  resolved "https://registry.yarnpkg.com/markdown-it-table-of-contents/-/markdown-it-table-of-contents-0.3.2.tgz#4fc91b1f53a8b355356c393140491b5d8626bee7"
  integrity sha1-T8kbH1Oos1U1bDkxQEkbXYYmvuc=
  dependencies:
    lodash.assign "~4.2.0"
    string "~3.3.3"

markdown-it@8.3.1:
  version "8.3.1"
  resolved "https://registry.yarnpkg.com/markdown-it/-/markdown-it-8.3.1.tgz#2f4b622948ccdc193d66f3ca2d43125ac4ac7323"
  integrity sha1-L0tiKUjM3Bk9ZvPKLUMSWsSscyM=
  dependencies:
    argparse "^1.0.7"
    entities "~1.1.1"
    linkify-it "^2.0.0"
    mdurl "^1.0.1"
    uc.micro "^1.0.3"

mathjax@2.7.0:
  version "2.7.0"
  resolved "https://registry.yarnpkg.com/mathjax/-/mathjax-2.7.0.tgz#2c12cac72a7be2b8190f6b3344ca93801a0e5dff"
  integrity sha1-LBLKxyp74rgZD2szRMqTgBoOXf8=

mdurl@^1.0.1:
  version "1.0.1"
  resolved "https://registry.yarnpkg.com/mdurl/-/mdurl-1.0.1.tgz#fe85b2ec75a59037f2adfec100fd6c601761152e"
  integrity sha1-/oWy7HWlkDfyrf7BAP1sYBdhFS4=

mime-db@^1.6.0:
  version "1.36.0"
  resolved "https://registry.yarnpkg.com/mime-db/-/mime-db-1.36.0.tgz#5020478db3c7fe93aad7bbcc4dcf869c43363397"
  integrity sha512-L+xvyD9MkoYMXb1jAmzI/lWYAxAMCPvIBSWur0PZ5nOf5euahRLVqH//FKW9mWp2lkqUgYiXPgkzfMUFi4zVDw==

mimoza@~1.0.0:
  version "1.0.0"
  resolved "https://registry.yarnpkg.com/mimoza/-/mimoza-1.0.0.tgz#d74aa4fe08932f005e430bdc7bfcfa95fcab4e62"
  integrity sha1-10qk/giTLwBeQwvce/z6lfyrTmI=
  dependencies:
    mime-db "^1.6.0"

sprintf-js@~1.0.2:
  version "1.0.3"
  resolved "https://registry.yarnpkg.com/sprintf-js/-/sprintf-js-1.0.3.tgz#04e6926f662895354f3dd015203633b857297e2c"
  integrity sha1-BOaSb2YolTVPPdAVIDYzuFcpfiw=

string@^3.3.3, string@~3.3.3:
  version "3.3.3"
  resolved "https://registry.yarnpkg.com/string/-/string-3.3.3.tgz#5ea211cd92d228e184294990a6cc97b366a77cb0"
  integrity sha1-XqIRzZLSKOGEKUmQpsyXs2anfLA=

uc.micro@^1.0.1, uc.micro@^1.0.3:
  version "1.0.5"
  resolved "https://registry.yarnpkg.com/uc.micro/-/uc.micro-1.0.5.tgz#0c65f15f815aa08b560a61ce8b4db7ffc3f45376"
  integrity sha512-JoLI4g5zv5qNyT09f4YAvEZIIV1oOjqnewYg5D38dkQljIzpPT296dbIGvKro3digYI1bkb7W6EP1y4uDlmzLg==
